
Microsoft Visual Studio Solution File, Format Version 12.00
# Visual Studio Version 17
VisualStudioVersion = 17.1.32421.90
MinimumVisualStudioVersion = 10.0.40219.1
Project("{9A19103F-16F7-4668-BE54-9A1E7A4F7556}") = "Risk", "Risk\Risk.csproj", "{36E71666-9F14-446D-82E0-E4C5FC00CF21}"
EndProject
Project("{FAE04EC0-301F-11D3-BF4B-00C04F79EFBC}") = "Tests", "Tests\Tests.csproj", "{5573FDB8-D84D-4C90-BD52-1E36C2EF4BBD}"
EndProject
Global
	GlobalSection(SolutionConfigurationPlatforms) = preSolution
		Debug|Any CPU = Debug|Any CPU
		Release|Any CPU = Release|Any CPU
	EndGlobalSection
	GlobalSection(ProjectConfigurationPlatforms) = postSolution
		{36E71666-9F14-446D-82E0-E4C5FC00CF21}.Debug|Any CPU.ActiveCfg = Debug|Any CPU
		{36E71666-9F14-446D-82E0-E4C5FC00CF21}.Debug|Any CPU.Build.0 = Debug|Any CPU
		{36E71666-9F14-446D-82E0-E4C5FC00CF21}.Release|Any CPU.ActiveCfg = Release|Any CPU
		{36E71666-9F14-446D-82E0-E4C5FC00CF21}.Release|Any CPU.Build.0 = Release|Any CPU
		{5573FDB8-D84D-4C90-BD52-1E36C2EF4BBD}.Debug|Any CPU.ActiveCfg = Debug|Any CPU
		{5573FDB8-D84D-4C90-BD52-1E36C2EF4BBD}.Debug|Any CPU.Build.0 = Debug|Any CPU
		{5573FDB8-D84D-4C90-BD52-1E36C2EF4BBD}.Release|Any CPU.ActiveCfg = Release|Any CPU
		{5573FDB8-D84D-4C90-BD52-1E36C2EF4BBD}.Release|Any CPU.Build.0 = Release|Any CPU
	EndGlobalSection
	GlobalSection(SolutionProperties) = preSolution
		HideSolutionNode = FALSE
	EndGlobalSection
	GlobalSection(ExtensibilityGlobals) = postSolution
		SolutionGuid = {40488335-9BAA-4A66-B019-1D5A99E3BFCE}
	EndGlobalSection
EndGlobal
